
Microsoft Visual Studio Solution File, Format Version 12.00
# Visual Studio Version 17
VisualStudioVersion = 17.0.31903.59
MinimumVisualStudioVersion = 10.0.40219.1
Project("{2150E333-8FDC-42A3-9474-1A3956D46DE8}") = "src", "src", "{1858BB70-0C9E-47DD-B372-BCA0DAA985E6}"
EndProject
Project("{FAE04EC0-301F-11D3-BF4B-00C04F79EFBC}") = "Box2D.NET.Engine", "src\Box2D.NET.Engine\Box2D.NET.Engine.csproj", "{11849830-82C5-4BC0-BE87-16D90243FD78}"
EndProject
Global
	GlobalSection(SolutionConfigurationPlatforms) = preSolution
		Debug|Any CPU = Debug|Any CPU
		Release|Any CPU = Release|Any CPU
	EndGlobalSection
	GlobalSection(SolutionProperties) = preSolution
		HideSolutionNode = FALSE
	EndGlobalSection
	GlobalSection(ProjectConfigurationPlatforms) = postSolution
		{11849830-82C5-4BC0-BE87-16D90243FD78}.Debug|Any CPU.ActiveCfg = Debug|Any CPU
		{11849830-82C5-4BC0-BE87-16D90243FD78}.Debug|Any CPU.Build.0 = Debug|Any CPU
		{11849830-82C5-4BC0-BE87-16D90243FD78}.Release|Any CPU.ActiveCfg = Release|Any CPU
		{11849830-82C5-4BC0-BE87-16D90243FD78}.Release|Any CPU.Build.0 = Release|Any CPU
	EndGlobalSection
	GlobalSection(NestedProjects) = preSolution
		{11849830-82C5-4BC0-BE87-16D90243FD78} = {1858BB70-0C9E-47DD-B372-BCA0DAA985E6}
	EndGlobalSection
EndGlobal
