
Microsoft Visual Studio Solution File, Format Version 12.00
# Visual Studio Version 17
VisualStudioVersion = 17.5.002.0
MinimumVisualStudioVersion = 10.0.40219.1
Project("{2150E333-8FDC-42A3-9474-1A3956D46DE8}") = "src", "src", "{586A5F90-3C4A-4075-AAD0-45D953DC4C54}"
EndProject
Project("{FAE04EC0-301F-11D3-BF4B-00C04F79EFBC}") = "MauiSandbox", "src\MauiSandbox\MauiSandbox.csproj", "{59BF65B8-17AE-4373-9057-AF07A4BBBE05}"
EndProject
Project("{FAE04EC0-301F-11D3-BF4B-00C04F79EFBC}") = "MauiSandbox.Droid", "src\MauiSandbox.Droid\MauiSandbox.Droid.csproj", "{7255330E-DDE0-4B50-A9AC-2D6C9EF87B3A}"
EndProject
Project("{FAE04EC0-301F-11D3-BF4B-00C04F79EFBC}") = "MauiSandbox.Mac", "src\MauiSandbox.Mac\MauiSandbox.Mac.csproj", "{B7FF03F5-68F8-4233-B4A5-C4C517B66401}"
EndProject
Project("{FAE04EC0-301F-11D3-BF4B-00C04F79EFBC}") = "MauiSandbox.WinUI", "src\MauiSandbox.WinUI\MauiSandbox.WinUI.csproj", "{4AFCBE07-5456-4156-BA66-864636619CDD}"
EndProject
Project("{FAE04EC0-301F-11D3-BF4B-00C04F79EFBC}") = "MauiSandbox.iOS", "src\MauiSandbox.iOs\MauiSandbox.iOS.csproj", "{286A4D28-F8E9-4794-9A2B-B48AE8B4FB5D}"
EndProject
Global
	GlobalSection(SolutionConfigurationPlatforms) = preSolution
		Debug|Any CPU = Debug|Any CPU
		Debug|ARM64 = Debug|ARM64
		Debug|x64 = Debug|x64
		Release|Any CPU = Release|Any CPU
		Release|ARM64 = Release|ARM64
		Release|x64 = Release|x64
	EndGlobalSection
	GlobalSection(ProjectConfigurationPlatforms) = postSolution
		{E51D6271-D470-4A6D-868E-AF75DF96E7E1}.Debug|Any CPU.ActiveCfg = Debug|Any CPU
		{E51D6271-D470-4A6D-868E-AF75DF96E7E1}.Debug|Any CPU.Build.0 = Debug|Any CPU
		{E51D6271-D470-4A6D-868E-AF75DF96E7E1}.Debug|ARM64.ActiveCfg = Debug|Any CPU
		{E51D6271-D470-4A6D-868E-AF75DF96E7E1}.Debug|ARM64.Build.0 = Debug|Any CPU
		{E51D6271-D470-4A6D-868E-AF75DF96E7E1}.Debug|x64.ActiveCfg = Debug|Any CPU
		{E51D6271-D470-4A6D-868E-AF75DF96E7E1}.Debug|x64.Build.0 = Debug|Any CPU
		{E51D6271-D470-4A6D-868E-AF75DF96E7E1}.Debug|x86.ActiveCfg = Debug|Any CPU
		{E51D6271-D470-4A6D-868E-AF75DF96E7E1}.Debug|x86.Build.0 = Debug|Any CPU
		{E51D6271-D470-4A6D-868E-AF75DF96E7E1}.Release|Any CPU.ActiveCfg = Release|Any CPU
		{E51D6271-D470-4A6D-868E-AF75DF96E7E1}.Release|Any CPU.Build.0 = Release|Any CPU
		{E51D6271-D470-4A6D-868E-AF75DF96E7E1}.Release|ARM64.ActiveCfg = Release|Any CPU
		{E51D6271-D470-4A6D-868E-AF75DF96E7E1}.Release|ARM64.Build.0 = Release|Any CPU
		{E51D6271-D470-4A6D-868E-AF75DF96E7E1}.Release|x64.ActiveCfg = Release|Any CPU
		{E51D6271-D470-4A6D-868E-AF75DF96E7E1}.Release|x64.Build.0 = Release|Any CPU
		{E51D6271-D470-4A6D-868E-AF75DF96E7E1}.Release|x86.ActiveCfg = Release|Any CPU
		{E51D6271-D470-4A6D-868E-AF75DF96E7E1}.Release|x86.Build.0 = Release|Any CPU
		{E51D6271-D470-4A6D-868E-AF75DF96E7E1}.Release|x86.Deploy.0 = Release|Any CPU
		{B878431C-9D73-4BBA-9085-5A8AD5A83F6C}.Debug|Any CPU.ActiveCfg = Debug|Any CPU
		{B878431C-9D73-4BBA-9085-5A8AD5A83F6C}.Debug|Any CPU.Build.0 = Debug|Any CPU
		{B878431C-9D73-4BBA-9085-5A8AD5A83F6C}.Debug|ARM64.ActiveCfg = Debug|Any CPU
		{B878431C-9D73-4BBA-9085-5A8AD5A83F6C}.Debug|ARM64.Build.0 = Debug|Any CPU
		{B878431C-9D73-4BBA-9085-5A8AD5A83F6C}.Debug|x64.ActiveCfg = Debug|Any CPU
		{B878431C-9D73-4BBA-9085-5A8AD5A83F6C}.Debug|x64.Build.0 = Debug|Any CPU
		{B878431C-9D73-4BBA-9085-5A8AD5A83F6C}.Debug|x86.ActiveCfg = Debug|Any CPU
		{B878431C-9D73-4BBA-9085-5A8AD5A83F6C}.Debug|x86.Build.0 = Debug|Any CPU
		{B878431C-9D73-4BBA-9085-5A8AD5A83F6C}.Release|Any CPU.ActiveCfg = Release|Any CPU
		{B878431C-9D73-4BBA-9085-5A8AD5A83F6C}.Release|Any CPU.Build.0 = Release|Any CPU
		{B878431C-9D73-4BBA-9085-5A8AD5A83F6C}.Release|ARM64.ActiveCfg = Release|Any CPU
		{B878431C-9D73-4BBA-9085-5A8AD5A83F6C}.Release|ARM64.Build.0 = Release|Any CPU
		{B878431C-9D73-4BBA-9085-5A8AD5A83F6C}.Release|x64.ActiveCfg = Release|Any CPU
		{B878431C-9D73-4BBA-9085-5A8AD5A83F6C}.Release|x64.Build.0 = Release|Any CPU
		{B878431C-9D73-4BBA-9085-5A8AD5A83F6C}.Release|x86.ActiveCfg = Release|Any CPU
		{B878431C-9D73-4BBA-9085-5A8AD5A83F6C}.Release|x86.Build.0 = Release|Any CPU
		{39700EC7-BE53-4710-B9DC-E0EFA46F622F}.Debug|Any CPU.ActiveCfg = Debug|Any CPU
		{39700EC7-BE53-4710-B9DC-E0EFA46F622F}.Debug|Any CPU.Build.0 = Debug|Any CPU
		{39700EC7-BE53-4710-B9DC-E0EFA46F622F}.Debug|ARM64.ActiveCfg = Debug|Any CPU
		{39700EC7-BE53-4710-B9DC-E0EFA46F622F}.Debug|ARM64.Build.0 = Debug|Any CPU
		{39700EC7-BE53-4710-B9DC-E0EFA46F622F}.Debug|x64.ActiveCfg = Debug|Any CPU
		{39700EC7-BE53-4710-B9DC-E0EFA46F622F}.Debug|x64.Build.0 = Debug|Any CPU
		{39700EC7-BE53-4710-B9DC-E0EFA46F622F}.Debug|x86.ActiveCfg = Debug|Any CPU
		{39700EC7-BE53-4710-B9DC-E0EFA46F622F}.Debug|x86.Build.0 = Debug|Any CPU
		{39700EC7-BE53-4710-B9DC-E0EFA46F622F}.Release|Any CPU.ActiveCfg = Release|Any CPU
		{39700EC7-BE53-4710-B9DC-E0EFA46F622F}.Release|Any CPU.Build.0 = Release|Any CPU
		{39700EC7-BE53-4710-B9DC-E0EFA46F622F}.Release|ARM64.ActiveCfg = Release|Any CPU
		{39700EC7-BE53-4710-B9DC-E0EFA46F622F}.Release|ARM64.Build.0 = Release|Any CPU
		{39700EC7-BE53-4710-B9DC-E0EFA46F622F}.Release|x64.ActiveCfg = Release|Any CPU
		{39700EC7-BE53-4710-B9DC-E0EFA46F622F}.Release|x64.Build.0 = Release|Any CPU
		{39700EC7-BE53-4710-B9DC-E0EFA46F622F}.Release|x86.ActiveCfg = Release|Any CPU
		{39700EC7-BE53-4710-B9DC-E0EFA46F622F}.Release|x86.Build.0 = Release|Any CPU
		{F05CB3B8-C731-42A6-9646-FFE75508D189}.Debug|Any CPU.ActiveCfg = Debug|Any CPU
		{F05CB3B8-C731-42A6-9646-FFE75508D189}.Debug|Any CPU.Build.0 = Debug|Any CPU
		{F05CB3B8-C731-42A6-9646-FFE75508D189}.Debug|ARM64.ActiveCfg = Debug|Any CPU
		{F05CB3B8-C731-42A6-9646-FFE75508D189}.Debug|ARM64.Build.0 = Debug|Any CPU
		{F05CB3B8-C731-42A6-9646-FFE75508D189}.Debug|x64.ActiveCfg = Debug|Any CPU
		{F05CB3B8-C731-42A6-9646-FFE75508D189}.Debug|x64.Build.0 = Debug|Any CPU
		{F05CB3B8-C731-42A6-9646-FFE75508D189}.Debug|x86.ActiveCfg = Debug|Any CPU
		{F05CB3B8-C731-42A6-9646-FFE75508D189}.Debug|x86.Build.0 = Debug|Any CPU
		{F05CB3B8-C731-42A6-9646-FFE75508D189}.Release|Any CPU.ActiveCfg = Release|Any CPU
		{F05CB3B8-C731-42A6-9646-FFE75508D189}.Release|Any CPU.Build.0 = Release|Any CPU
		{F05CB3B8-C731-42A6-9646-FFE75508D189}.Release|ARM64.ActiveCfg = Release|Any CPU
		{F05CB3B8-C731-42A6-9646-FFE75508D189}.Release|ARM64.Build.0 = Release|Any CPU
		{F05CB3B8-C731-42A6-9646-FFE75508D189}.Release|x64.ActiveCfg = Release|Any CPU
		{F05CB3B8-C731-42A6-9646-FFE75508D189}.Release|x64.Build.0 = Release|Any CPU
		{F05CB3B8-C731-42A6-9646-FFE75508D189}.Release|x86.ActiveCfg = Release|Any CPU
		{F05CB3B8-C731-42A6-9646-FFE75508D189}.Release|x86.Build.0 = Release|Any CPU
		{A71D14B2-01A6-4640-A097-C793D339AE88}.Debug|ARM64.ActiveCfg = Debug|ARM64
		{A71D14B2-01A6-4640-A097-C793D339AE88}.Debug|ARM64.Build.0 = Debug|ARM64
		{A71D14B2-01A6-4640-A097-C793D339AE88}.Debug|x64.ActiveCfg = Debug|x64
		{A71D14B2-01A6-4640-A097-C793D339AE88}.Debug|x64.Build.0 = Debug|x64
		{A71D14B2-01A6-4640-A097-C793D339AE88}.Debug|x86.ActiveCfg = Debug|x86
		{A71D14B2-01A6-4640-A097-C793D339AE88}.Debug|x86.Build.0 = Debug|x86
		{A71D14B2-01A6-4640-A097-C793D339AE88}.Release|Any CPU.ActiveCfg = Release|x86
		{A71D14B2-01A6-4640-A097-C793D339AE88}.Release|Any CPU.Build.0 = Release|x86
		{A71D14B2-01A6-4640-A097-C793D339AE88}.Release|ARM64.ActiveCfg = Release|ARM64
		{A71D14B2-01A6-4640-A097-C793D339AE88}.Release|ARM64.Build.0 = Release|ARM64
		{A71D14B2-01A6-4640-A097-C793D339AE88}.Release|x64.ActiveCfg = Release|x64
		{A71D14B2-01A6-4640-A097-C793D339AE88}.Release|x64.Build.0 = Release|x64
		{A71D14B2-01A6-4640-A097-C793D339AE88}.Release|x86.ActiveCfg = Release|x86
		{A71D14B2-01A6-4640-A097-C793D339AE88}.Release|x86.Build.0 = Release|x86
		{A71D14B2-01A6-4640-A097-C793D339AE88}.Debug|Any CPU.ActiveCfg = Debug|x64
		{A71D14B2-01A6-4640-A097-C793D339AE88}.Debug|Any CPU.Build.0 = Debug|x64
		{438FC13D-899A-41A0-984A-B503AD0012A8}.Debug|Any CPU.ActiveCfg = Debug|Any CPU
		{438FC13D-899A-41A0-984A-B503AD0012A8}.Debug|Any CPU.Build.0 = Debug|Any CPU
		{438FC13D-899A-41A0-984A-B503AD0012A8}.Debug|ARM64.ActiveCfg = Debug|Any CPU
		{438FC13D-899A-41A0-984A-B503AD0012A8}.Debug|ARM64.Build.0 = Debug|Any CPU
		{438FC13D-899A-41A0-984A-B503AD0012A8}.Debug|x64.ActiveCfg = Debug|Any CPU
		{438FC13D-899A-41A0-984A-B503AD0012A8}.Debug|x64.Build.0 = Debug|Any CPU
		{438FC13D-899A-41A0-984A-B503AD0012A8}.Release|Any CPU.ActiveCfg = Release|Any CPU
		{438FC13D-899A-41A0-984A-B503AD0012A8}.Release|Any CPU.Build.0 = Release|Any CPU
		{438FC13D-899A-41A0-984A-B503AD0012A8}.Release|ARM64.ActiveCfg = Release|Any CPU
		{438FC13D-899A-41A0-984A-B503AD0012A8}.Release|ARM64.Build.0 = Release|Any CPU
		{438FC13D-899A-41A0-984A-B503AD0012A8}.Release|x64.ActiveCfg = Release|Any CPU
		{438FC13D-899A-41A0-984A-B503AD0012A8}.Release|x64.Build.0 = Release|Any CPU
		{59BF65B8-17AE-4373-9057-AF07A4BBBE05}.Debug|Any CPU.ActiveCfg = Debug|Any CPU
		{59BF65B8-17AE-4373-9057-AF07A4BBBE05}.Debug|Any CPU.Build.0 = Debug|Any CPU
		{59BF65B8-17AE-4373-9057-AF07A4BBBE05}.Debug|ARM64.ActiveCfg = Debug|Any CPU
		{59BF65B8-17AE-4373-9057-AF07A4BBBE05}.Debug|ARM64.Build.0 = Debug|Any CPU
		{59BF65B8-17AE-4373-9057-AF07A4BBBE05}.Debug|x64.ActiveCfg = Debug|Any CPU
		{59BF65B8-17AE-4373-9057-AF07A4BBBE05}.Debug|x64.Build.0 = Debug|Any CPU
		{59BF65B8-17AE-4373-9057-AF07A4BBBE05}.Release|Any CPU.ActiveCfg = Release|Any CPU
		{59BF65B8-17AE-4373-9057-AF07A4BBBE05}.Release|Any CPU.Build.0 = Release|Any CPU
		{59BF65B8-17AE-4373-9057-AF07A4BBBE05}.Release|ARM64.ActiveCfg = Release|Any CPU
		{59BF65B8-17AE-4373-9057-AF07A4BBBE05}.Release|ARM64.Build.0 = Release|Any CPU
		{59BF65B8-17AE-4373-9057-AF07A4BBBE05}.Release|x64.ActiveCfg = Release|Any CPU
		{59BF65B8-17AE-4373-9057-AF07A4BBBE05}.Release|x64.Build.0 = Release|Any CPU
		{7255330E-DDE0-4B50-A9AC-2D6C9EF87B3A}.Debug|Any CPU.ActiveCfg = Debug|Any CPU
		{7255330E-DDE0-4B50-A9AC-2D6C9EF87B3A}.Debug|Any CPU.Build.0 = Debug|Any CPU
		{7255330E-DDE0-4B50-A9AC-2D6C9EF87B3A}.Debug|ARM64.ActiveCfg = Debug|Any CPU
		{7255330E-DDE0-4B50-A9AC-2D6C9EF87B3A}.Debug|ARM64.Build.0 = Debug|Any CPU
		{7255330E-DDE0-4B50-A9AC-2D6C9EF87B3A}.Debug|x64.ActiveCfg = Debug|Any CPU
		{7255330E-DDE0-4B50-A9AC-2D6C9EF87B3A}.Debug|x64.Build.0 = Debug|Any CPU
		{7255330E-DDE0-4B50-A9AC-2D6C9EF87B3A}.Release|Any CPU.ActiveCfg = Release|Any CPU
		{7255330E-DDE0-4B50-A9AC-2D6C9EF87B3A}.Release|Any CPU.Build.0 = Release|Any CPU
		{7255330E-DDE0-4B50-A9AC-2D6C9EF87B3A}.Release|ARM64.ActiveCfg = Release|Any CPU
		{7255330E-DDE0-4B50-A9AC-2D6C9EF87B3A}.Release|ARM64.Build.0 = Release|Any CPU
		{7255330E-DDE0-4B50-A9AC-2D6C9EF87B3A}.Release|x64.ActiveCfg = Release|Any CPU
		{7255330E-DDE0-4B50-A9AC-2D6C9EF87B3A}.Release|x64.Build.0 = Release|Any CPU
		{B7FF03F5-68F8-4233-B4A5-C4C517B66401}.Debug|Any CPU.ActiveCfg = Debug|Any CPU
		{B7FF03F5-68F8-4233-B4A5-C4C517B66401}.Debug|Any CPU.Build.0 = Debug|Any CPU
		{B7FF03F5-68F8-4233-B4A5-C4C517B66401}.Debug|ARM64.ActiveCfg = Debug|Any CPU
		{B7FF03F5-68F8-4233-B4A5-C4C517B66401}.Debug|ARM64.Build.0 = Debug|Any CPU
		{B7FF03F5-68F8-4233-B4A5-C4C517B66401}.Debug|x64.ActiveCfg = Debug|Any CPU
		{B7FF03F5-68F8-4233-B4A5-C4C517B66401}.Debug|x64.Build.0 = Debug|Any CPU
		{B7FF03F5-68F8-4233-B4A5-C4C517B66401}.Release|Any CPU.ActiveCfg = Release|Any CPU
		{B7FF03F5-68F8-4233-B4A5-C4C517B66401}.Release|Any CPU.Build.0 = Release|Any CPU
		{B7FF03F5-68F8-4233-B4A5-C4C517B66401}.Release|ARM64.ActiveCfg = Release|Any CPU
		{B7FF03F5-68F8-4233-B4A5-C4C517B66401}.Release|ARM64.Build.0 = Release|Any CPU
		{B7FF03F5-68F8-4233-B4A5-C4C517B66401}.Release|x64.ActiveCfg = Release|Any CPU
		{B7FF03F5-68F8-4233-B4A5-C4C517B66401}.Release|x64.Build.0 = Release|Any CPU
		{4AFCBE07-5456-4156-BA66-864636619CDD}.Debug|Any CPU.ActiveCfg = Debug|x64
		{4AFCBE07-5456-4156-BA66-864636619CDD}.Debug|Any CPU.Build.0 = Debug|x64
		{4AFCBE07-5456-4156-BA66-864636619CDD}.Debug|ARM64.ActiveCfg = Debug|ARM64
		{4AFCBE07-5456-4156-BA66-864636619CDD}.Debug|ARM64.Build.0 = Debug|ARM64
		{4AFCBE07-5456-4156-BA66-864636619CDD}.Debug|x64.ActiveCfg = Debug|x64
		{4AFCBE07-5456-4156-BA66-864636619CDD}.Debug|x64.Build.0 = Debug|x64
		{4AFCBE07-5456-4156-BA66-864636619CDD}.Release|Any CPU.ActiveCfg = Release|x64
		{4AFCBE07-5456-4156-BA66-864636619CDD}.Release|Any CPU.Build.0 = Release|x64
		{4AFCBE07-5456-4156-BA66-864636619CDD}.Release|ARM64.ActiveCfg = Release|ARM64
		{4AFCBE07-5456-4156-BA66-864636619CDD}.Release|ARM64.Build.0 = Release|ARM64
		{4AFCBE07-5456-4156-BA66-864636619CDD}.Release|x64.ActiveCfg = Release|x64
		{4AFCBE07-5456-4156-BA66-864636619CDD}.Release|x64.Build.0 = Release|x64
		{286A4D28-F8E9-4794-9A2B-B48AE8B4FB5D}.Debug|Any CPU.ActiveCfg = Debug|Any CPU
		{286A4D28-F8E9-4794-9A2B-B48AE8B4FB5D}.Debug|Any CPU.Build.0 = Debug|Any CPU
		{286A4D28-F8E9-4794-9A2B-B48AE8B4FB5D}.Debug|ARM64.ActiveCfg = Debug|Any CPU
		{286A4D28-F8E9-4794-9A2B-B48AE8B4FB5D}.Debug|ARM64.Build.0 = Debug|Any CPU
		{286A4D28-F8E9-4794-9A2B-B48AE8B4FB5D}.Debug|x64.ActiveCfg = Debug|Any CPU
		{286A4D28-F8E9-4794-9A2B-B48AE8B4FB5D}.Debug|x64.Build.0 = Debug|Any CPU
		{286A4D28-F8E9-4794-9A2B-B48AE8B4FB5D}.Release|Any CPU.ActiveCfg = Release|Any CPU
		{286A4D28-F8E9-4794-9A2B-B48AE8B4FB5D}.Release|Any CPU.Build.0 = Release|Any CPU
		{286A4D28-F8E9-4794-9A2B-B48AE8B4FB5D}.Release|ARM64.ActiveCfg = Release|Any CPU
		{286A4D28-F8E9-4794-9A2B-B48AE8B4FB5D}.Release|ARM64.Build.0 = Release|Any CPU
		{286A4D28-F8E9-4794-9A2B-B48AE8B4FB5D}.Release|x64.ActiveCfg = Release|Any CPU
		{286A4D28-F8E9-4794-9A2B-B48AE8B4FB5D}.Release|x64.Build.0 = Release|Any CPU
	EndGlobalSection
	GlobalSection(SolutionProperties) = preSolution
		HideSolutionNode = FALSE
	EndGlobalSection
	GlobalSection(ExtensibilityGlobals) = postSolution
		SolutionGuid = {3FAAA64B-FB3C-4639-B4FE-F314679A7205}
	EndGlobalSection
	GlobalSection(NestedProjects) = preSolution
		{438FC13D-899A-41A0-984A-B503AD0012A8} = {586A5F90-3C4A-4075-AAD0-45D953DC4C54}
		{59BF65B8-17AE-4373-9057-AF07A4BBBE05} = {586A5F90-3C4A-4075-AAD0-45D953DC4C54}
		{7255330E-DDE0-4B50-A9AC-2D6C9EF87B3A} = {586A5F90-3C4A-4075-AAD0-45D953DC4C54}
		{B7FF03F5-68F8-4233-B4A5-C4C517B66401} = {586A5F90-3C4A-4075-AAD0-45D953DC4C54}
		{4AFCBE07-5456-4156-BA66-864636619CDD} = {586A5F90-3C4A-4075-AAD0-45D953DC4C54}
		{286A4D28-F8E9-4794-9A2B-B48AE8B4FB5D} = {586A5F90-3C4A-4075-AAD0-45D953DC4C54}
	EndGlobalSection
EndGlobal
