
Microsoft Visual Studio Solution File, Format Version 12.00
# Visual Studio Version 17
VisualStudioVersion = 17.5.002.0
MinimumVisualStudioVersion = 10.0.40219.1
Project("{2150E333-8FDC-42A3-9474-1A3956D46DE8}") = "src", "src", "{586A5F90-3C4A-4075-AAD0-45D953DC4C54}"
EndProject
Project("{FAE04EC0-301F-11D3-BF4B-00C04F79EFBC}") = "MauiSandbox", "src\MauiSandbox\MauiSandbox.csproj", "{88C8CEC6-BECE-4091-B5E0-AE81B9FE772F}"
EndProject
Project("{FAE04EC0-301F-11D3-BF4B-00C04F79EFBC}") = "MauiSandbox.Droid", "src\MauiSandbox.Droid\MauiSandbox.Droid.csproj", "{D4193B16-5C50-4B6A-BD6B-A2A80615BDC7}"
EndProject
Project("{FAE04EC0-301F-11D3-BF4B-00C04F79EFBC}") = "MauiSandbox.iOS", "src\MauiSandbox.iOS\MauiSandbox.iOS.csproj", "{DB22AFC5-FAC1-450F-A016-06AB3D3B6FB4}"
EndProject
Project("{FAE04EC0-301F-11D3-BF4B-00C04F79EFBC}") = "MauiSandbox.Mac", "src\MauiSandbox.Mac\MauiSandbox.Mac.csproj", "{8849ECFC-90D3-42A5-88CA-C3B4BC6FD430}"
EndProject
Project("{9A19103F-16F7-4668-BE54-9A1E7A4F7556}") = "MauiSandbox.WinUI", "src\MauiSandbox.WinUI\MauiSandbox.WinUI.csproj", "{C2AE6E15-90FB-4E10-84E1-18F7798E16BF}"
EndProject
Global
	GlobalSection(SolutionConfigurationPlatforms) = preSolution
		Debug|Any CPU = Debug|Any CPU
		Debug|ARM64 = Debug|ARM64
		Debug|x64 = Debug|x64
		Release|Any CPU = Release|Any CPU
		Release|ARM64 = Release|ARM64
		Release|x64 = Release|x64
	EndGlobalSection
	GlobalSection(ProjectConfigurationPlatforms) = postSolution
		{88C8CEC6-BECE-4091-B5E0-AE81B9FE772F}.Debug|Any CPU.ActiveCfg = Debug|Any CPU
		{88C8CEC6-BECE-4091-B5E0-AE81B9FE772F}.Debug|Any CPU.Build.0 = Debug|Any CPU
		{88C8CEC6-BECE-4091-B5E0-AE81B9FE772F}.Debug|ARM64.ActiveCfg = Debug|Any CPU
		{88C8CEC6-BECE-4091-B5E0-AE81B9FE772F}.Debug|ARM64.Build.0 = Debug|Any CPU
		{88C8CEC6-BECE-4091-B5E0-AE81B9FE772F}.Debug|x64.ActiveCfg = Debug|Any CPU
		{88C8CEC6-BECE-4091-B5E0-AE81B9FE772F}.Debug|x64.Build.0 = Debug|Any CPU
		{88C8CEC6-BECE-4091-B5E0-AE81B9FE772F}.Release|Any CPU.ActiveCfg = Release|Any CPU
		{88C8CEC6-BECE-4091-B5E0-AE81B9FE772F}.Release|Any CPU.Build.0 = Release|Any CPU
		{88C8CEC6-BECE-4091-B5E0-AE81B9FE772F}.Release|ARM64.ActiveCfg = Release|Any CPU
		{88C8CEC6-BECE-4091-B5E0-AE81B9FE772F}.Release|ARM64.Build.0 = Release|Any CPU
		{88C8CEC6-BECE-4091-B5E0-AE81B9FE772F}.Release|x64.ActiveCfg = Release|Any CPU
		{88C8CEC6-BECE-4091-B5E0-AE81B9FE772F}.Release|x64.Build.0 = Release|Any CPU
		{D4193B16-5C50-4B6A-BD6B-A2A80615BDC7}.Debug|Any CPU.ActiveCfg = Debug|Any CPU
		{D4193B16-5C50-4B6A-BD6B-A2A80615BDC7}.Debug|Any CPU.Build.0 = Debug|Any CPU
		{D4193B16-5C50-4B6A-BD6B-A2A80615BDC7}.Debug|ARM64.ActiveCfg = Debug|Any CPU
		{D4193B16-5C50-4B6A-BD6B-A2A80615BDC7}.Debug|ARM64.Build.0 = Debug|Any CPU
		{D4193B16-5C50-4B6A-BD6B-A2A80615BDC7}.Debug|x64.ActiveCfg = Debug|Any CPU
		{D4193B16-5C50-4B6A-BD6B-A2A80615BDC7}.Debug|x64.Build.0 = Debug|Any CPU
		{D4193B16-5C50-4B6A-BD6B-A2A80615BDC7}.Release|Any CPU.ActiveCfg = Release|Any CPU
		{D4193B16-5C50-4B6A-BD6B-A2A80615BDC7}.Release|Any CPU.Build.0 = Release|Any CPU
		{D4193B16-5C50-4B6A-BD6B-A2A80615BDC7}.Release|ARM64.ActiveCfg = Release|Any CPU
		{D4193B16-5C50-4B6A-BD6B-A2A80615BDC7}.Release|ARM64.Build.0 = Release|Any CPU
		{D4193B16-5C50-4B6A-BD6B-A2A80615BDC7}.Release|x64.ActiveCfg = Release|Any CPU
		{D4193B16-5C50-4B6A-BD6B-A2A80615BDC7}.Release|x64.Build.0 = Release|Any CPU
		{DB22AFC5-FAC1-450F-A016-06AB3D3B6FB4}.Debug|Any CPU.ActiveCfg = Debug|Any CPU
		{DB22AFC5-FAC1-450F-A016-06AB3D3B6FB4}.Debug|Any CPU.Build.0 = Debug|Any CPU
		{DB22AFC5-FAC1-450F-A016-06AB3D3B6FB4}.Debug|ARM64.ActiveCfg = Debug|Any CPU
		{DB22AFC5-FAC1-450F-A016-06AB3D3B6FB4}.Debug|ARM64.Build.0 = Debug|Any CPU
		{DB22AFC5-FAC1-450F-A016-06AB3D3B6FB4}.Debug|x64.ActiveCfg = Debug|Any CPU
		{DB22AFC5-FAC1-450F-A016-06AB3D3B6FB4}.Debug|x64.Build.0 = Debug|Any CPU
		{DB22AFC5-FAC1-450F-A016-06AB3D3B6FB4}.Release|Any CPU.ActiveCfg = Release|Any CPU
		{DB22AFC5-FAC1-450F-A016-06AB3D3B6FB4}.Release|Any CPU.Build.0 = Release|Any CPU
		{DB22AFC5-FAC1-450F-A016-06AB3D3B6FB4}.Release|ARM64.ActiveCfg = Release|Any CPU
		{DB22AFC5-FAC1-450F-A016-06AB3D3B6FB4}.Release|ARM64.Build.0 = Release|Any CPU
		{DB22AFC5-FAC1-450F-A016-06AB3D3B6FB4}.Release|x64.ActiveCfg = Release|Any CPU
		{DB22AFC5-FAC1-450F-A016-06AB3D3B6FB4}.Release|x64.Build.0 = Release|Any CPU
		{8849ECFC-90D3-42A5-88CA-C3B4BC6FD430}.Debug|Any CPU.ActiveCfg = Debug|Any CPU
		{8849ECFC-90D3-42A5-88CA-C3B4BC6FD430}.Debug|Any CPU.Build.0 = Debug|Any CPU
		{8849ECFC-90D3-42A5-88CA-C3B4BC6FD430}.Debug|ARM64.ActiveCfg = Debug|Any CPU
		{8849ECFC-90D3-42A5-88CA-C3B4BC6FD430}.Debug|ARM64.Build.0 = Debug|Any CPU
		{8849ECFC-90D3-42A5-88CA-C3B4BC6FD430}.Debug|x64.ActiveCfg = Debug|Any CPU
		{8849ECFC-90D3-42A5-88CA-C3B4BC6FD430}.Debug|x64.Build.0 = Debug|Any CPU
		{8849ECFC-90D3-42A5-88CA-C3B4BC6FD430}.Release|Any CPU.ActiveCfg = Release|Any CPU
		{8849ECFC-90D3-42A5-88CA-C3B4BC6FD430}.Release|Any CPU.Build.0 = Release|Any CPU
		{8849ECFC-90D3-42A5-88CA-C3B4BC6FD430}.Release|ARM64.ActiveCfg = Release|Any CPU
		{8849ECFC-90D3-42A5-88CA-C3B4BC6FD430}.Release|ARM64.Build.0 = Release|Any CPU
		{8849ECFC-90D3-42A5-88CA-C3B4BC6FD430}.Release|x64.ActiveCfg = Release|Any CPU
		{8849ECFC-90D3-42A5-88CA-C3B4BC6FD430}.Release|x64.Build.0 = Release|Any CPU
		{C2AE6E15-90FB-4E10-84E1-18F7798E16BF}.Debug|Any CPU.ActiveCfg = Debug|x64
		{C2AE6E15-90FB-4E10-84E1-18F7798E16BF}.Debug|Any CPU.Build.0 = Debug|x64
		{C2AE6E15-90FB-4E10-84E1-18F7798E16BF}.Debug|ARM64.ActiveCfg = Debug|ARM64
		{C2AE6E15-90FB-4E10-84E1-18F7798E16BF}.Debug|ARM64.Build.0 = Debug|ARM64
		{C2AE6E15-90FB-4E10-84E1-18F7798E16BF}.Debug|x64.ActiveCfg = Debug|x64
		{C2AE6E15-90FB-4E10-84E1-18F7798E16BF}.Debug|x64.Build.0 = Debug|x64
		{C2AE6E15-90FB-4E10-84E1-18F7798E16BF}.Release|Any CPU.ActiveCfg = Release|x64
		{C2AE6E15-90FB-4E10-84E1-18F7798E16BF}.Release|Any CPU.Build.0 = Release|x64
		{C2AE6E15-90FB-4E10-84E1-18F7798E16BF}.Release|ARM64.ActiveCfg = Release|ARM64
		{C2AE6E15-90FB-4E10-84E1-18F7798E16BF}.Release|ARM64.Build.0 = Release|ARM64
		{C2AE6E15-90FB-4E10-84E1-18F7798E16BF}.Release|x64.ActiveCfg = Release|x64
		{C2AE6E15-90FB-4E10-84E1-18F7798E16BF}.Release|x64.Build.0 = Release|x64
	EndGlobalSection
	GlobalSection(SolutionProperties) = preSolution
		HideSolutionNode = FALSE
	EndGlobalSection
	GlobalSection(ExtensibilityGlobals) = postSolution
		SolutionGuid = {3FAAA64B-FB3C-4639-B4FE-F314679A7205}
	EndGlobalSection
	GlobalSection(NestedProjects) = preSolution
		{88C8CEC6-BECE-4091-B5E0-AE81B9FE772F} = {586A5F90-3C4A-4075-AAD0-45D953DC4C54}
		{D4193B16-5C50-4B6A-BD6B-A2A80615BDC7} = {586A5F90-3C4A-4075-AAD0-45D953DC4C54}
		{DB22AFC5-FAC1-450F-A016-06AB3D3B6FB4} = {586A5F90-3C4A-4075-AAD0-45D953DC4C54}
		{8849ECFC-90D3-42A5-88CA-C3B4BC6FD430} = {586A5F90-3C4A-4075-AAD0-45D953DC4C54}
		{C2AE6E15-90FB-4E10-84E1-18F7798E16BF} = {586A5F90-3C4A-4075-AAD0-45D953DC4C54}
	EndGlobalSection
EndGlobal
